{
  "name": "dbpf",
  "version": "1.0.0",
  "lockfileVersion": 1,
  "requires": true,
  "dependencies": {
    "qfs-compression": {
      "version": "0.1.0",
      "resolved": "https://registry.npmjs.org/qfs-compression/-/qfs-compression-0.1.0.tgz",
      "integrity": "sha512-gePTJof0QK4gWptfNmXDy4DfbGMF0Qd3o96iAbkunHzCfZ4EiuloOpJ8RM4AoIgjHmAXEeEd2F7889w4D/RsRg=="
    }
  }
}
